# This file is automatically @generated by Cargo.
# It is not intended for manual editing.
version = 3

[[package]]
name = "fintech_cli"
version = "0.1.0"
dependencies = [
 "fintech_common",
]

[[package]]
name = "fintech_common"
version = "0.1.0"

[[package]]
name = "fintech_web_service"
version = "0.1.0"
dependencies = [
 "fintech_common",
]
